
Microsoft Visual Studio Solution File, Format Version 12.00
# Visual Studio 14
VisualStudioVersion = 14.0.25420.1
MinimumVisualStudioVersion = 10.0.40219.1
Project("{FAE04EC0-301F-11D3-BF4B-00C04F79EFBC}") = "spsbarcelona.Droid", "spsbarcelona\spsbarcelona.Droid\spsbarcelona.Droid.csproj", "{40426F91-9197-4C51-A72D-A530DD285AFB}"
EndProject
Project("{FAE04EC0-301F-11D3-BF4B-00C04F79EFBC}") = "spsbarcelona.iOS", "spsbarcelona\spsbarcelona.iOS\spsbarcelona.iOS.csproj", "{DF4515D4-EA46-4627-B1D0-83678C9A35FE}"
EndProject
Project("{FAE04EC0-301F-11D3-BF4B-00C04F79EFBC}") = "spsbarcelona.WinPhone", "spsbarcelona\spsbarcelona.WinPhone\spsbarcelona.WinPhone.csproj", "{810A4483-4ED8-4982-9EA2-BF98391D969A}"
EndProject
Project("{FAE04EC0-301F-11D3-BF4B-00C04F79EFBC}") = "spsbarcelona.UWP", "spsbarcelona\spsbarcelona.UWP\spsbarcelona.UWP.csproj", "{996FFB2F-058A-43D5-B19B-B2743B40535C}"
EndProject
Project("{FAE04EC0-301F-11D3-BF4B-00C04F79EFBC}") = "spsbarcelona.Windows", "spsbarcelona\spsbarcelona.Windows\spsbarcelona.Windows.csproj", "{1F7FF1BF-1F3B-4CDD-8F24-BA8AC9B4BCDC}"
EndProject
Project("{FAE04EC0-301F-11D3-BF4B-00C04F79EFBC}") = "spsbarcelona", "spsbarcelona\spsbarcelona\spsbarcelona.csproj", "{039F9500-3E9E-4457-9D5C-8FCF771E0FD5}"
EndProject
Project("{2150E333-8FDC-42A3-9474-1A3956D46DE8}") = "01-Xamarin", "01-Xamarin", "{440A9ADB-D9F6-49E4-882D-EE2506F4E86B}"
EndProject
Project("{2150E333-8FDC-42A3-9474-1A3956D46DE8}") = "02-Sharepoint", "02-Sharepoint", "{C1C7AFF3-296B-423D-98CB-670573FA5022}"
EndProject
Project("{FAE04EC0-301F-11D3-BF4B-00C04F79EFBC}") = "SpAddInRER", "spsbarcelonaSH\SpAddInRER\SpAddInRER.csproj", "{D3CD1101-F179-4AA7-B545-DF72D320DF53}"
EndProject
Project("{FAE04EC0-301F-11D3-BF4B-00C04F79EFBC}") = "SpAddInRERWeb", "spsbarcelonaSH\SpAddInRERWeb\SpAddInRERWeb.csproj", "{D11948FF-59FD-471A-B1B1-12CC20CA7BDA}"
EndProject
Global
	GlobalSection(SolutionConfigurationPlatforms) = preSolution
		Ad-Hoc|Any CPU = Ad-Hoc|Any CPU
		Ad-Hoc|ARM = Ad-Hoc|ARM
		Ad-Hoc|iPhone = Ad-Hoc|iPhone
		Ad-Hoc|iPhoneSimulator = Ad-Hoc|iPhoneSimulator
		Ad-Hoc|x64 = Ad-Hoc|x64
		Ad-Hoc|x86 = Ad-Hoc|x86
		AppStore|Any CPU = AppStore|Any CPU
		AppStore|ARM = AppStore|ARM
		AppStore|iPhone = AppStore|iPhone
		AppStore|iPhoneSimulator = AppStore|iPhoneSimulator
		AppStore|x64 = AppStore|x64
		AppStore|x86 = AppStore|x86
		Debug|Any CPU = Debug|Any CPU
		Debug|ARM = Debug|ARM
		Debug|iPhone = Debug|iPhone
		Debug|iPhoneSimulator = Debug|iPhoneSimulator
		Debug|x64 = Debug|x64
		Debug|x86 = Debug|x86
		Release|Any CPU = Release|Any CPU
		Release|ARM = Release|ARM
		Release|iPhone = Release|iPhone
		Release|iPhoneSimulator = Release|iPhoneSimulator
		Release|x64 = Release|x64
		Release|x86 = Release|x86
	EndGlobalSection
	GlobalSection(ProjectConfigurationPlatforms) = postSolution
		{40426F91-9197-4C51-A72D-A530DD285AFB}.Ad-Hoc|Any CPU.ActiveCfg = Release|Any CPU
		{40426F91-9197-4C51-A72D-A530DD285AFB}.Ad-Hoc|Any CPU.Build.0 = Release|Any CPU
		{40426F91-9197-4C51-A72D-A530DD285AFB}.Ad-Hoc|Any CPU.Deploy.0 = Release|Any CPU
		{40426F91-9197-4C51-A72D-A530DD285AFB}.Ad-Hoc|ARM.ActiveCfg = Release|Any CPU
		{40426F91-9197-4C51-A72D-A530DD285AFB}.Ad-Hoc|ARM.Build.0 = Release|Any CPU
		{40426F91-9197-4C51-A72D-A530DD285AFB}.Ad-Hoc|ARM.Deploy.0 = Release|Any CPU
		{40426F91-9197-4C51-A72D-A530DD285AFB}.Ad-Hoc|iPhone.ActiveCfg = Release|Any CPU
		{40426F91-9197-4C51-A72D-A530DD285AFB}.Ad-Hoc|iPhone.Build.0 = Release|Any CPU
		{40426F91-9197-4C51-A72D-A530DD285AFB}.Ad-Hoc|iPhone.Deploy.0 = Release|Any CPU
		{40426F91-9197-4C51-A72D-A530DD285AFB}.Ad-Hoc|iPhoneSimulator.ActiveCfg = Release|Any CPU
		{40426F91-9197-4C51-A72D-A530DD285AFB}.Ad-Hoc|iPhoneSimulator.Build.0 = Release|Any CPU
		{40426F91-9197-4C51-A72D-A530DD285AFB}.Ad-Hoc|iPhoneSimulator.Deploy.0 = Release|Any CPU
		{40426F91-9197-4C51-A72D-A530DD285AFB}.Ad-Hoc|x64.ActiveCfg = Release|Any CPU
		{40426F91-9197-4C51-A72D-A530DD285AFB}.Ad-Hoc|x64.Build.0 = Release|Any CPU
		{40426F91-9197-4C51-A72D-A530DD285AFB}.Ad-Hoc|x64.Deploy.0 = Release|Any CPU
		{40426F91-9197-4C51-A72D-A530DD285AFB}.Ad-Hoc|x86.ActiveCfg = Release|Any CPU
		{40426F91-9197-4C51-A72D-A530DD285AFB}.Ad-Hoc|x86.Build.0 = Release|Any CPU
		{40426F91-9197-4C51-A72D-A530DD285AFB}.Ad-Hoc|x86.Deploy.0 = Release|Any CPU
		{40426F91-9197-4C51-A72D-A530DD285AFB}.AppStore|Any CPU.ActiveCfg = Release|Any CPU
		{40426F91-9197-4C51-A72D-A530DD285AFB}.AppStore|Any CPU.Build.0 = Release|Any CPU
		{40426F91-9197-4C51-A72D-A530DD285AFB}.AppStore|Any CPU.Deploy.0 = Release|Any CPU
		{40426F91-9197-4C51-A72D-A530DD285AFB}.AppStore|ARM.ActiveCfg = Release|Any CPU
		{40426F91-9197-4C51-A72D-A530DD285AFB}.AppStore|ARM.Build.0 = Release|Any CPU
		{40426F91-9197-4C51-A72D-A530DD285AFB}.AppStore|ARM.Deploy.0 = Release|Any CPU
		{40426F91-9197-4C51-A72D-A530DD285AFB}.AppStore|iPhone.ActiveCfg = Release|Any CPU
		{40426F91-9197-4C51-A72D-A530DD285AFB}.AppStore|iPhone.Build.0 = Release|Any CPU
		{40426F91-9197-4C51-A72D-A530DD285AFB}.AppStore|iPhone.Deploy.0 = Release|Any CPU
		{40426F91-9197-4C51-A72D-A530DD285AFB}.AppStore|iPhoneSimulator.ActiveCfg = Release|Any CPU
		{40426F91-9197-4C51-A72D-A530DD285AFB}.AppStore|iPhoneSimulator.Build.0 = Release|Any CPU
		{40426F91-9197-4C51-A72D-A530DD285AFB}.AppStore|iPhoneSimulator.Deploy.0 = Release|Any CPU
		{40426F91-9197-4C51-A72D-A530DD285AFB}.AppStore|x64.ActiveCfg = Release|Any CPU
		{40426F91-9197-4C51-A72D-A530DD285AFB}.AppStore|x64.Build.0 = Release|Any CPU
		{40426F91-9197-4C51-A72D-A530DD285AFB}.AppStore|x64.Deploy.0 = Release|Any CPU
		{40426F91-9197-4C51-A72D-A530DD285AFB}.AppStore|x86.ActiveCfg = Release|Any CPU
		{40426F91-9197-4C51-A72D-A530DD285AFB}.AppStore|x86.Build.0 = Release|Any CPU
		{40426F91-9197-4C51-A72D-A530DD285AFB}.AppStore|x86.Deploy.0 = Release|Any CPU
		{40426F91-9197-4C51-A72D-A530DD285AFB}.Debug|Any CPU.ActiveCfg = Debug|Any CPU
		{40426F91-9197-4C51-A72D-A530DD285AFB}.Debug|Any CPU.Build.0 = Debug|Any CPU
		{40426F91-9197-4C51-A72D-A530DD285AFB}.Debug|Any CPU.Deploy.0 = Debug|Any CPU
		{40426F91-9197-4C51-A72D-A530DD285AFB}.Debug|ARM.ActiveCfg = Debug|Any CPU
		{40426F91-9197-4C51-A72D-A530DD285AFB}.Debug|ARM.Build.0 = Debug|Any CPU
		{40426F91-9197-4C51-A72D-A530DD285AFB}.Debug|ARM.Deploy.0 = Debug|Any CPU
		{40426F91-9197-4C51-A72D-A530DD285AFB}.Debug|iPhone.ActiveCfg = Debug|Any CPU
		{40426F91-9197-4C51-A72D-A530DD285AFB}.Debug|iPhone.Build.0 = Debug|Any CPU
		{40426F91-9197-4C51-A72D-A530DD285AFB}.Debug|iPhone.Deploy.0 = Debug|Any CPU
		{40426F91-9197-4C51-A72D-A530DD285AFB}.Debug|iPhoneSimulator.ActiveCfg = Debug|Any CPU
		{40426F91-9197-4C51-A72D-A530DD285AFB}.Debug|iPhoneSimulator.Build.0 = Debug|Any CPU
		{40426F91-9197-4C51-A72D-A530DD285AFB}.Debug|iPhoneSimulator.Deploy.0 = Debug|Any CPU
		{40426F91-9197-4C51-A72D-A530DD285AFB}.Debug|x64.ActiveCfg = Debug|Any CPU
		{40426F91-9197-4C51-A72D-A530DD285AFB}.Debug|x64.Build.0 = Debug|Any CPU
		{40426F91-9197-4C51-A72D-A530DD285AFB}.Debug|x64.Deploy.0 = Debug|Any CPU
		{40426F91-9197-4C51-A72D-A530DD285AFB}.Debug|x86.ActiveCfg = Debug|Any CPU
		{40426F91-9197-4C51-A72D-A530DD285AFB}.Debug|x86.Build.0 = Debug|Any CPU
		{40426F91-9197-4C51-A72D-A530DD285AFB}.Debug|x86.Deploy.0 = Debug|Any CPU
		{40426F91-9197-4C51-A72D-A530DD285AFB}.Release|Any CPU.ActiveCfg = Release|Any CPU
		{40426F91-9197-4C51-A72D-A530DD285AFB}.Release|Any CPU.Build.0 = Release|Any CPU
		{40426F91-9197-4C51-A72D-A530DD285AFB}.Release|Any CPU.Deploy.0 = Release|Any CPU
		{40426F91-9197-4C51-A72D-A530DD285AFB}.Release|ARM.ActiveCfg = Release|Any CPU
		{40426F91-9197-4C51-A72D-A530DD285AFB}.Release|ARM.Build.0 = Release|Any CPU
		{40426F91-9197-4C51-A72D-A530DD285AFB}.Release|ARM.Deploy.0 = Release|Any CPU
		{40426F91-9197-4C51-A72D-A530DD285AFB}.Release|iPhone.ActiveCfg = Release|Any CPU
		{40426F91-9197-4C51-A72D-A530DD285AFB}.Release|iPhone.Build.0 = Release|Any CPU
		{40426F91-9197-4C51-A72D-A530DD285AFB}.Release|iPhone.Deploy.0 = Release|Any CPU
		{40426F91-9197-4C51-A72D-A530DD285AFB}.Release|iPhoneSimulator.ActiveCfg = Release|Any CPU
		{40426F91-9197-4C51-A72D-A530DD285AFB}.Release|iPhoneSimulator.Build.0 = Release|Any CPU
		{40426F91-9197-4C51-A72D-A530DD285AFB}.Release|iPhoneSimulator.Deploy.0 = Release|Any CPU
		{40426F91-9197-4C51-A72D-A530DD285AFB}.Release|x64.ActiveCfg = Release|Any CPU
		{40426F91-9197-4C51-A72D-A530DD285AFB}.Release|x64.Build.0 = Release|Any CPU
		{40426F91-9197-4C51-A72D-A530DD285AFB}.Release|x64.Deploy.0 = Release|Any CPU
		{40426F91-9197-4C51-A72D-A530DD285AFB}.Release|x86.ActiveCfg = Release|Any CPU
		{40426F91-9197-4C51-A72D-A530DD285AFB}.Release|x86.Build.0 = Release|Any CPU
		{40426F91-9197-4C51-A72D-A530DD285AFB}.Release|x86.Deploy.0 = Release|Any CPU
		{DF4515D4-EA46-4627-B1D0-83678C9A35FE}.Ad-Hoc|Any CPU.ActiveCfg = Ad-Hoc|iPhone
		{DF4515D4-EA46-4627-B1D0-83678C9A35FE}.Ad-Hoc|ARM.ActiveCfg = Ad-Hoc|iPhone
		{DF4515D4-EA46-4627-B1D0-83678C9A35FE}.Ad-Hoc|iPhone.ActiveCfg = Ad-Hoc|iPhone
		{DF4515D4-EA46-4627-B1D0-83678C9A35FE}.Ad-Hoc|iPhone.Build.0 = Ad-Hoc|iPhone
		{DF4515D4-EA46-4627-B1D0-83678C9A35FE}.Ad-Hoc|iPhoneSimulator.ActiveCfg = Ad-Hoc|iPhoneSimulator
		{DF4515D4-EA46-4627-B1D0-83678C9A35FE}.Ad-Hoc|iPhoneSimulator.Build.0 = Ad-Hoc|iPhoneSimulator
		{DF4515D4-EA46-4627-B1D0-83678C9A35FE}.Ad-Hoc|x64.ActiveCfg = Ad-Hoc|iPhone
		{DF4515D4-EA46-4627-B1D0-83678C9A35FE}.Ad-Hoc|x86.ActiveCfg = Ad-Hoc|iPhone
		{DF4515D4-EA46-4627-B1D0-83678C9A35FE}.AppStore|Any CPU.ActiveCfg = AppStore|iPhone
		{DF4515D4-EA46-4627-B1D0-83678C9A35FE}.AppStore|ARM.ActiveCfg = AppStore|iPhone
		{DF4515D4-EA46-4627-B1D0-83678C9A35FE}.AppStore|iPhone.ActiveCfg = AppStore|iPhone
		{DF4515D4-EA46-4627-B1D0-83678C9A35FE}.AppStore|iPhone.Build.0 = AppStore|iPhone
		{DF4515D4-EA46-4627-B1D0-83678C9A35FE}.AppStore|iPhoneSimulator.ActiveCfg = AppStore|iPhoneSimulator
		{DF4515D4-EA46-4627-B1D0-83678C9A35FE}.AppStore|iPhoneSimulator.Build.0 = AppStore|iPhoneSimulator
		{DF4515D4-EA46-4627-B1D0-83678C9A35FE}.AppStore|x64.ActiveCfg = AppStore|iPhone
		{DF4515D4-EA46-4627-B1D0-83678C9A35FE}.AppStore|x86.ActiveCfg = AppStore|iPhone
		{DF4515D4-EA46-4627-B1D0-83678C9A35FE}.Debug|Any CPU.ActiveCfg = Debug|iPhone
		{DF4515D4-EA46-4627-B1D0-83678C9A35FE}.Debug|ARM.ActiveCfg = Debug|iPhone
		{DF4515D4-EA46-4627-B1D0-83678C9A35FE}.Debug|iPhone.ActiveCfg = Debug|iPhone
		{DF4515D4-EA46-4627-B1D0-83678C9A35FE}.Debug|iPhone.Build.0 = Debug|iPhone
		{DF4515D4-EA46-4627-B1D0-83678C9A35FE}.Debug|iPhoneSimulator.ActiveCfg = Debug|iPhoneSimulator
		{DF4515D4-EA46-4627-B1D0-83678C9A35FE}.Debug|iPhoneSimulator.Build.0 = Debug|iPhoneSimulator
		{DF4515D4-EA46-4627-B1D0-83678C9A35FE}.Debug|x64.ActiveCfg = Debug|iPhone
		{DF4515D4-EA46-4627-B1D0-83678C9A35FE}.Debug|x86.ActiveCfg = Debug|iPhone
		{DF4515D4-EA46-4627-B1D0-83678C9A35FE}.Release|Any CPU.ActiveCfg = Release|iPhone
		{DF4515D4-EA46-4627-B1D0-83678C9A35FE}.Release|ARM.ActiveCfg = Release|iPhone
		{DF4515D4-EA46-4627-B1D0-83678C9A35FE}.Release|iPhone.ActiveCfg = Release|iPhone
		{DF4515D4-EA46-4627-B1D0-83678C9A35FE}.Release|iPhone.Build.0 = Release|iPhone
		{DF4515D4-EA46-4627-B1D0-83678C9A35FE}.Release|iPhoneSimulator.ActiveCfg = Release|iPhoneSimulator
		{DF4515D4-EA46-4627-B1D0-83678C9A35FE}.Release|iPhoneSimulator.Build.0 = Release|iPhoneSimulator
		{DF4515D4-EA46-4627-B1D0-83678C9A35FE}.Release|x64.ActiveCfg = Release|iPhone
		{DF4515D4-EA46-4627-B1D0-83678C9A35FE}.Release|x86.ActiveCfg = Release|iPhone
		{810A4483-4ED8-4982-9EA2-BF98391D969A}.Ad-Hoc|Any CPU.ActiveCfg = Release|Any CPU
		{810A4483-4ED8-4982-9EA2-BF98391D969A}.Ad-Hoc|Any CPU.Build.0 = Release|Any CPU
		{810A4483-4ED8-4982-9EA2-BF98391D969A}.Ad-Hoc|Any CPU.Deploy.0 = Release|Any CPU
		{810A4483-4ED8-4982-9EA2-BF98391D969A}.Ad-Hoc|ARM.ActiveCfg = Release|ARM
		{810A4483-4ED8-4982-9EA2-BF98391D969A}.Ad-Hoc|ARM.Build.0 = Release|ARM
		{810A4483-4ED8-4982-9EA2-BF98391D969A}.Ad-Hoc|ARM.Deploy.0 = Release|ARM
		{810A4483-4ED8-4982-9EA2-BF98391D969A}.Ad-Hoc|iPhone.ActiveCfg = Release|Any CPU
		{810A4483-4ED8-4982-9EA2-BF98391D969A}.Ad-Hoc|iPhone.Build.0 = Release|Any CPU
		{810A4483-4ED8-4982-9EA2-BF98391D969A}.Ad-Hoc|iPhone.Deploy.0 = Release|Any CPU
		{810A4483-4ED8-4982-9EA2-BF98391D969A}.Ad-Hoc|iPhoneSimulator.ActiveCfg = Release|Any CPU
		{810A4483-4ED8-4982-9EA2-BF98391D969A}.Ad-Hoc|iPhoneSimulator.Build.0 = Release|Any CPU
		{810A4483-4ED8-4982-9EA2-BF98391D969A}.Ad-Hoc|iPhoneSimulator.Deploy.0 = Release|Any CPU
		{810A4483-4ED8-4982-9EA2-BF98391D969A}.Ad-Hoc|x64.ActiveCfg = Release|Any CPU
		{810A4483-4ED8-4982-9EA2-BF98391D969A}.Ad-Hoc|x64.Build.0 = Release|Any CPU
		{810A4483-4ED8-4982-9EA2-BF98391D969A}.Ad-Hoc|x64.Deploy.0 = Release|Any CPU
		{810A4483-4ED8-4982-9EA2-BF98391D969A}.Ad-Hoc|x86.ActiveCfg = Release|x86
		{810A4483-4ED8-4982-9EA2-BF98391D969A}.Ad-Hoc|x86.Build.0 = Release|x86
		{810A4483-4ED8-4982-9EA2-BF98391D969A}.Ad-Hoc|x86.Deploy.0 = Release|x86
		{810A4483-4ED8-4982-9EA2-BF98391D969A}.AppStore|Any CPU.ActiveCfg = Release|Any CPU
		{810A4483-4ED8-4982-9EA2-BF98391D969A}.AppStore|Any CPU.Build.0 = Release|Any CPU
		{810A4483-4ED8-4982-9EA2-BF98391D969A}.AppStore|Any CPU.Deploy.0 = Release|Any CPU
		{810A4483-4ED8-4982-9EA2-BF98391D969A}.AppStore|ARM.ActiveCfg = Release|ARM
		{810A4483-4ED8-4982-9EA2-BF98391D969A}.AppStore|ARM.Build.0 = Release|ARM
		{810A4483-4ED8-4982-9EA2-BF98391D969A}.AppStore|ARM.Deploy.0 = Release|ARM
		{810A4483-4ED8-4982-9EA2-BF98391D969A}.AppStore|iPhone.ActiveCfg = Release|Any CPU
		{810A4483-4ED8-4982-9EA2-BF98391D969A}.AppStore|iPhone.Build.0 = Release|Any CPU
		{810A4483-4ED8-4982-9EA2-BF98391D969A}.AppStore|iPhone.Deploy.0 = Release|Any CPU
		{810A4483-4ED8-4982-9EA2-BF98391D969A}.AppStore|iPhoneSimulator.ActiveCfg = Release|Any CPU
		{810A4483-4ED8-4982-9EA2-BF98391D969A}.AppStore|iPhoneSimulator.Build.0 = Release|Any CPU
		{810A4483-4ED8-4982-9EA2-BF98391D969A}.AppStore|iPhoneSimulator.Deploy.0 = Release|Any CPU
		{810A4483-4ED8-4982-9EA2-BF98391D969A}.AppStore|x64.ActiveCfg = Release|Any CPU
		{810A4483-4ED8-4982-9EA2-BF98391D969A}.AppStore|x64.Build.0 = Release|Any CPU
		{810A4483-4ED8-4982-9EA2-BF98391D969A}.AppStore|x64.Deploy.0 = Release|Any CPU
		{810A4483-4ED8-4982-9EA2-BF98391D969A}.AppStore|x86.ActiveCfg = Release|x86
		{810A4483-4ED8-4982-9EA2-BF98391D969A}.AppStore|x86.Build.0 = Release|x86
		{810A4483-4ED8-4982-9EA2-BF98391D969A}.AppStore|x86.Deploy.0 = Release|x86
		{810A4483-4ED8-4982-9EA2-BF98391D969A}.Debug|Any CPU.ActiveCfg = Debug|Any CPU
		{810A4483-4ED8-4982-9EA2-BF98391D969A}.Debug|Any CPU.Build.0 = Debug|Any CPU
		{810A4483-4ED8-4982-9EA2-BF98391D969A}.Debug|Any CPU.Deploy.0 = Debug|Any CPU
		{810A4483-4ED8-4982-9EA2-BF98391D969A}.Debug|ARM.ActiveCfg = Debug|ARM
		{810A4483-4ED8-4982-9EA2-BF98391D969A}.Debug|ARM.Build.0 = Debug|ARM
		{810A4483-4ED8-4982-9EA2-BF98391D969A}.Debug|ARM.Deploy.0 = Debug|ARM
		{810A4483-4ED8-4982-9EA2-BF98391D969A}.Debug|iPhone.ActiveCfg = Debug|Any CPU
		{810A4483-4ED8-4982-9EA2-BF98391D969A}.Debug|iPhone.Build.0 = Debug|Any CPU
		{810A4483-4ED8-4982-9EA2-BF98391D969A}.Debug|iPhone.Deploy.0 = Debug|Any CPU
		{810A4483-4ED8-4982-9EA2-BF98391D969A}.Debug|iPhoneSimulator.ActiveCfg = Debug|Any CPU
		{810A4483-4ED8-4982-9EA2-BF98391D969A}.Debug|iPhoneSimulator.Build.0 = Debug|Any CPU
		{810A4483-4ED8-4982-9EA2-BF98391D969A}.Debug|iPhoneSimulator.Deploy.0 = Debug|Any CPU
		{810A4483-4ED8-4982-9EA2-BF98391D969A}.Debug|x64.ActiveCfg = Debug|Any CPU
		{810A4483-4ED8-4982-9EA2-BF98391D969A}.Debug|x64.Build.0 = Debug|Any CPU
		{810A4483-4ED8-4982-9EA2-BF98391D969A}.Debug|x64.Deploy.0 = Debug|Any CPU
		{810A4483-4ED8-4982-9EA2-BF98391D969A}.Debug|x86.ActiveCfg = Debug|x86
		{810A4483-4ED8-4982-9EA2-BF98391D969A}.Debug|x86.Build.0 = Debug|x86
		{810A4483-4ED8-4982-9EA2-BF98391D969A}.Debug|x86.Deploy.0 = Debug|x86
		{810A4483-4ED8-4982-9EA2-BF98391D969A}.Release|Any CPU.ActiveCfg = Release|Any CPU
		{810A4483-4ED8-4982-9EA2-BF98391D969A}.Release|Any CPU.Build.0 = Release|Any CPU
		{810A4483-4ED8-4982-9EA2-BF98391D969A}.Release|Any CPU.Deploy.0 = Release|Any CPU
		{810A4483-4ED8-4982-9EA2-BF98391D969A}.Release|ARM.ActiveCfg = Release|ARM
		{810A4483-4ED8-4982-9EA2-BF98391D969A}.Release|ARM.Build.0 = Release|ARM
		{810A4483-4ED8-4982-9EA2-BF98391D969A}.Release|ARM.Deploy.0 = Release|ARM
		{810A4483-4ED8-4982-9EA2-BF98391D969A}.Release|iPhone.ActiveCfg = Release|Any CPU
		{810A4483-4ED8-4982-9EA2-BF98391D969A}.Release|iPhone.Build.0 = Release|Any CPU
		{810A4483-4ED8-4982-9EA2-BF98391D969A}.Release|iPhone.Deploy.0 = Release|Any CPU
		{810A4483-4ED8-4982-9EA2-BF98391D969A}.Release|iPhoneSimulator.ActiveCfg = Release|Any CPU
		{810A4483-4ED8-4982-9EA2-BF98391D969A}.Release|iPhoneSimulator.Build.0 = Release|Any CPU
		{810A4483-4ED8-4982-9EA2-BF98391D969A}.Release|iPhoneSimulator.Deploy.0 = Release|Any CPU
		{810A4483-4ED8-4982-9EA2-BF98391D969A}.Release|x64.ActiveCfg = Release|Any CPU
		{810A4483-4ED8-4982-9EA2-BF98391D969A}.Release|x64.Build.0 = Release|Any CPU
		{810A4483-4ED8-4982-9EA2-BF98391D969A}.Release|x64.Deploy.0 = Release|Any CPU
		{810A4483-4ED8-4982-9EA2-BF98391D969A}.Release|x86.ActiveCfg = Release|x86
		{810A4483-4ED8-4982-9EA2-BF98391D969A}.Release|x86.Build.0 = Release|x86
		{810A4483-4ED8-4982-9EA2-BF98391D969A}.Release|x86.Deploy.0 = Release|x86
		{996FFB2F-058A-43D5-B19B-B2743B40535C}.Ad-Hoc|Any CPU.ActiveCfg = Release|x86
		{996FFB2F-058A-43D5-B19B-B2743B40535C}.Ad-Hoc|Any CPU.Build.0 = Release|x86
		{996FFB2F-058A-43D5-B19B-B2743B40535C}.Ad-Hoc|Any CPU.Deploy.0 = Release|x86
		{996FFB2F-058A-43D5-B19B-B2743B40535C}.Ad-Hoc|ARM.ActiveCfg = Release|ARM
		{996FFB2F-058A-43D5-B19B-B2743B40535C}.Ad-Hoc|ARM.Build.0 = Release|ARM
		{996FFB2F-058A-43D5-B19B-B2743B40535C}.Ad-Hoc|ARM.Deploy.0 = Release|ARM
		{996FFB2F-058A-43D5-B19B-B2743B40535C}.Ad-Hoc|iPhone.ActiveCfg = Release|x86
		{996FFB2F-058A-43D5-B19B-B2743B40535C}.Ad-Hoc|iPhone.Build.0 = Release|x86
		{996FFB2F-058A-43D5-B19B-B2743B40535C}.Ad-Hoc|iPhone.Deploy.0 = Release|x86
		{996FFB2F-058A-43D5-B19B-B2743B40535C}.Ad-Hoc|iPhoneSimulator.ActiveCfg = Release|x86
		{996FFB2F-058A-43D5-B19B-B2743B40535C}.Ad-Hoc|iPhoneSimulator.Build.0 = Release|x86
		{996FFB2F-058A-43D5-B19B-B2743B40535C}.Ad-Hoc|iPhoneSimulator.Deploy.0 = Release|x86
		{996FFB2F-058A-43D5-B19B-B2743B40535C}.Ad-Hoc|x64.ActiveCfg = Release|x64
		{996FFB2F-058A-43D5-B19B-B2743B40535C}.Ad-Hoc|x64.Build.0 = Release|x64
		{996FFB2F-058A-43D5-B19B-B2743B40535C}.Ad-Hoc|x64.Deploy.0 = Release|x64
		{996FFB2F-058A-43D5-B19B-B2743B40535C}.Ad-Hoc|x86.ActiveCfg = Release|x86
		{996FFB2F-058A-43D5-B19B-B2743B40535C}.Ad-Hoc|x86.Build.0 = Release|x86
		{996FFB2F-058A-43D5-B19B-B2743B40535C}.Ad-Hoc|x86.Deploy.0 = Release|x86
		{996FFB2F-058A-43D5-B19B-B2743B40535C}.AppStore|Any CPU.ActiveCfg = Release|x86
		{996FFB2F-058A-43D5-B19B-B2743B40535C}.AppStore|Any CPU.Build.0 = Release|x86
		{996FFB2F-058A-43D5-B19B-B2743B40535C}.AppStore|Any CPU.Deploy.0 = Release|x86
		{996FFB2F-058A-43D5-B19B-B2743B40535C}.AppStore|ARM.ActiveCfg = Release|ARM
		{996FFB2F-058A-43D5-B19B-B2743B40535C}.AppStore|ARM.Build.0 = Release|ARM
		{996FFB2F-058A-43D5-B19B-B2743B40535C}.AppStore|ARM.Deploy.0 = Release|ARM
		{996FFB2F-058A-43D5-B19B-B2743B40535C}.AppStore|iPhone.ActiveCfg = Release|x86
		{996FFB2F-058A-43D5-B19B-B2743B40535C}.AppStore|iPhone.Build.0 = Release|x86
		{996FFB2F-058A-43D5-B19B-B2743B40535C}.AppStore|iPhone.Deploy.0 = Release|x86
		{996FFB2F-058A-43D5-B19B-B2743B40535C}.AppStore|iPhoneSimulator.ActiveCfg = Release|x86
		{996FFB2F-058A-43D5-B19B-B2743B40535C}.AppStore|iPhoneSimulator.Build.0 = Release|x86
		{996FFB2F-058A-43D5-B19B-B2743B40535C}.AppStore|iPhoneSimulator.Deploy.0 = Release|x86
		{996FFB2F-058A-43D5-B19B-B2743B40535C}.AppStore|x64.ActiveCfg = Release|x64
		{996FFB2F-058A-43D5-B19B-B2743B40535C}.AppStore|x64.Build.0 = Release|x64
		{996FFB2F-058A-43D5-B19B-B2743B40535C}.AppStore|x64.Deploy.0 = Release|x64
		{996FFB2F-058A-43D5-B19B-B2743B40535C}.AppStore|x86.ActiveCfg = Release|x86
		{996FFB2F-058A-43D5-B19B-B2743B40535C}.AppStore|x86.Build.0 = Release|x86
		{996FFB2F-058A-43D5-B19B-B2743B40535C}.AppStore|x86.Deploy.0 = Release|x86
		{996FFB2F-058A-43D5-B19B-B2743B40535C}.Debug|Any CPU.ActiveCfg = Debug|x86
		{996FFB2F-058A-43D5-B19B-B2743B40535C}.Debug|ARM.ActiveCfg = Debug|ARM
		{996FFB2F-058A-43D5-B19B-B2743B40535C}.Debug|ARM.Build.0 = Debug|ARM
		{996FFB2F-058A-43D5-B19B-B2743B40535C}.Debug|ARM.Deploy.0 = Debug|ARM
		{996FFB2F-058A-43D5-B19B-B2743B40535C}.Debug|iPhone.ActiveCfg = Debug|x86
		{996FFB2F-058A-43D5-B19B-B2743B40535C}.Debug|iPhoneSimulator.ActiveCfg = Debug|x86
		{996FFB2F-058A-43D5-B19B-B2743B40535C}.Debug|x64.ActiveCfg = Debug|x64
		{996FFB2F-058A-43D5-B19B-B2743B40535C}.Debug|x64.Build.0 = Debug|x64
		{996FFB2F-058A-43D5-B19B-B2743B40535C}.Debug|x64.Deploy.0 = Debug|x64
		{996FFB2F-058A-43D5-B19B-B2743B40535C}.Debug|x86.ActiveCfg = Debug|x86
		{996FFB2F-058A-43D5-B19B-B2743B40535C}.Debug|x86.Build.0 = Debug|x86
		{996FFB2F-058A-43D5-B19B-B2743B40535C}.Debug|x86.Deploy.0 = Debug|x86
		{996FFB2F-058A-43D5-B19B-B2743B40535C}.Release|Any CPU.ActiveCfg = Release|x86
		{996FFB2F-058A-43D5-B19B-B2743B40535C}.Release|ARM.ActiveCfg = Release|ARM
		{996FFB2F-058A-43D5-B19B-B2743B40535C}.Release|ARM.Build.0 = Release|ARM
		{996FFB2F-058A-43D5-B19B-B2743B40535C}.Release|ARM.Deploy.0 = Release|ARM
		{996FFB2F-058A-43D5-B19B-B2743B40535C}.Release|iPhone.ActiveCfg = Release|x86
		{996FFB2F-058A-43D5-B19B-B2743B40535C}.Release|iPhoneSimulator.ActiveCfg = Release|x86
		{996FFB2F-058A-43D5-B19B-B2743B40535C}.Release|x64.ActiveCfg = Release|x64
		{996FFB2F-058A-43D5-B19B-B2743B40535C}.Release|x64.Build.0 = Release|x64
		{996FFB2F-058A-43D5-B19B-B2743B40535C}.Release|x64.Deploy.0 = Release|x64
		{996FFB2F-058A-43D5-B19B-B2743B40535C}.Release|x86.ActiveCfg = Release|x86
		{996FFB2F-058A-43D5-B19B-B2743B40535C}.Release|x86.Build.0 = Release|x86
		{996FFB2F-058A-43D5-B19B-B2743B40535C}.Release|x86.Deploy.0 = Release|x86
		{1F7FF1BF-1F3B-4CDD-8F24-BA8AC9B4BCDC}.Ad-Hoc|Any CPU.ActiveCfg = Release|Any CPU
		{1F7FF1BF-1F3B-4CDD-8F24-BA8AC9B4BCDC}.Ad-Hoc|Any CPU.Build.0 = Release|Any CPU
		{1F7FF1BF-1F3B-4CDD-8F24-BA8AC9B4BCDC}.Ad-Hoc|Any CPU.Deploy.0 = Release|Any CPU
		{1F7FF1BF-1F3B-4CDD-8F24-BA8AC9B4BCDC}.Ad-Hoc|ARM.ActiveCfg = Release|ARM
		{1F7FF1BF-1F3B-4CDD-8F24-BA8AC9B4BCDC}.Ad-Hoc|ARM.Build.0 = Release|ARM
		{1F7FF1BF-1F3B-4CDD-8F24-BA8AC9B4BCDC}.Ad-Hoc|ARM.Deploy.0 = Release|ARM
		{1F7FF1BF-1F3B-4CDD-8F24-BA8AC9B4BCDC}.Ad-Hoc|iPhone.ActiveCfg = Release|Any CPU
		{1F7FF1BF-1F3B-4CDD-8F24-BA8AC9B4BCDC}.Ad-Hoc|iPhone.Build.0 = Release|Any CPU
		{1F7FF1BF-1F3B-4CDD-8F24-BA8AC9B4BCDC}.Ad-Hoc|iPhone.Deploy.0 = Release|Any CPU
		{1F7FF1BF-1F3B-4CDD-8F24-BA8AC9B4BCDC}.Ad-Hoc|iPhoneSimulator.ActiveCfg = Release|Any CPU
		{1F7FF1BF-1F3B-4CDD-8F24-BA8AC9B4BCDC}.Ad-Hoc|iPhoneSimulator.Build.0 = Release|Any CPU
		{1F7FF1BF-1F3B-4CDD-8F24-BA8AC9B4BCDC}.Ad-Hoc|iPhoneSimulator.Deploy.0 = Release|Any CPU
		{1F7FF1BF-1F3B-4CDD-8F24-BA8AC9B4BCDC}.Ad-Hoc|x64.ActiveCfg = Release|x64
		{1F7FF1BF-1F3B-4CDD-8F24-BA8AC9B4BCDC}.Ad-Hoc|x64.Build.0 = Release|x64
		{1F7FF1BF-1F3B-4CDD-8F24-BA8AC9B4BCDC}.Ad-Hoc|x64.Deploy.0 = Release|x64
		{1F7FF1BF-1F3B-4CDD-8F24-BA8AC9B4BCDC}.Ad-Hoc|x86.ActiveCfg = Release|x86
		{1F7FF1BF-1F3B-4CDD-8F24-BA8AC9B4BCDC}.Ad-Hoc|x86.Build.0 = Release|x86
		{1F7FF1BF-1F3B-4CDD-8F24-BA8AC9B4BCDC}.Ad-Hoc|x86.Deploy.0 = Release|x86
		{1F7FF1BF-1F3B-4CDD-8F24-BA8AC9B4BCDC}.AppStore|Any CPU.ActiveCfg = Release|Any CPU
		{1F7FF1BF-1F3B-4CDD-8F24-BA8AC9B4BCDC}.AppStore|Any CPU.Build.0 = Release|Any CPU
		{1F7FF1BF-1F3B-4CDD-8F24-BA8AC9B4BCDC}.AppStore|Any CPU.Deploy.0 = Release|Any CPU
		{1F7FF1BF-1F3B-4CDD-8F24-BA8AC9B4BCDC}.AppStore|ARM.ActiveCfg = Release|ARM
		{1F7FF1BF-1F3B-4CDD-8F24-BA8AC9B4BCDC}.AppStore|ARM.Build.0 = Release|ARM
		{1F7FF1BF-1F3B-4CDD-8F24-BA8AC9B4BCDC}.AppStore|ARM.Deploy.0 = Release|ARM
		{1F7FF1BF-1F3B-4CDD-8F24-BA8AC9B4BCDC}.AppStore|iPhone.ActiveCfg = Release|Any CPU
		{1F7FF1BF-1F3B-4CDD-8F24-BA8AC9B4BCDC}.AppStore|iPhone.Build.0 = Release|Any CPU
		{1F7FF1BF-1F3B-4CDD-8F24-BA8AC9B4BCDC}.AppStore|iPhone.Deploy.0 = Release|Any CPU
		{1F7FF1BF-1F3B-4CDD-8F24-BA8AC9B4BCDC}.AppStore|iPhoneSimulator.ActiveCfg = Release|Any CPU
		{1F7FF1BF-1F3B-4CDD-8F24-BA8AC9B4BCDC}.AppStore|iPhoneSimulator.Build.0 = Release|Any CPU
		{1F7FF1BF-1F3B-4CDD-8F24-BA8AC9B4BCDC}.AppStore|iPhoneSimulator.Deploy.0 = Release|Any CPU
		{1F7FF1BF-1F3B-4CDD-8F24-BA8AC9B4BCDC}.AppStore|x64.ActiveCfg = Release|x64
		{1F7FF1BF-1F3B-4CDD-8F24-BA8AC9B4BCDC}.AppStore|x64.Build.0 = Release|x64
		{1F7FF1BF-1F3B-4CDD-8F24-BA8AC9B4BCDC}.AppStore|x64.Deploy.0 = Release|x64
		{1F7FF1BF-1F3B-4CDD-8F24-BA8AC9B4BCDC}.AppStore|x86.ActiveCfg = Release|x86
		{1F7FF1BF-1F3B-4CDD-8F24-BA8AC9B4BCDC}.AppStore|x86.Build.0 = Release|x86
		{1F7FF1BF-1F3B-4CDD-8F24-BA8AC9B4BCDC}.AppStore|x86.Deploy.0 = Release|x86
		{1F7FF1BF-1F3B-4CDD-8F24-BA8AC9B4BCDC}.Debug|Any CPU.ActiveCfg = Debug|Any CPU
		{1F7FF1BF-1F3B-4CDD-8F24-BA8AC9B4BCDC}.Debug|Any CPU.Build.0 = Debug|Any CPU
		{1F7FF1BF-1F3B-4CDD-8F24-BA8AC9B4BCDC}.Debug|Any CPU.Deploy.0 = Debug|Any CPU
		{1F7FF1BF-1F3B-4CDD-8F24-BA8AC9B4BCDC}.Debug|ARM.ActiveCfg = Debug|ARM
		{1F7FF1BF-1F3B-4CDD-8F24-BA8AC9B4BCDC}.Debug|ARM.Build.0 = Debug|ARM
		{1F7FF1BF-1F3B-4CDD-8F24-BA8AC9B4BCDC}.Debug|ARM.Deploy.0 = Debug|ARM
		{1F7FF1BF-1F3B-4CDD-8F24-BA8AC9B4BCDC}.Debug|iPhone.ActiveCfg = Debug|Any CPU
		{1F7FF1BF-1F3B-4CDD-8F24-BA8AC9B4BCDC}.Debug|iPhone.Build.0 = Debug|Any CPU
		{1F7FF1BF-1F3B-4CDD-8F24-BA8AC9B4BCDC}.Debug|iPhone.Deploy.0 = Debug|Any CPU
		{1F7FF1BF-1F3B-4CDD-8F24-BA8AC9B4BCDC}.Debug|iPhoneSimulator.ActiveCfg = Debug|Any CPU
		{1F7FF1BF-1F3B-4CDD-8F24-BA8AC9B4BCDC}.Debug|iPhoneSimulator.Build.0 = Debug|Any CPU
		{1F7FF1BF-1F3B-4CDD-8F24-BA8AC9B4BCDC}.Debug|iPhoneSimulator.Deploy.0 = Debug|Any CPU
		{1F7FF1BF-1F3B-4CDD-8F24-BA8AC9B4BCDC}.Debug|x64.ActiveCfg = Debug|x64
		{1F7FF1BF-1F3B-4CDD-8F24-BA8AC9B4BCDC}.Debug|x64.Build.0 = Debug|x64
		{1F7FF1BF-1F3B-4CDD-8F24-BA8AC9B4BCDC}.Debug|x64.Deploy.0 = Debug|x64
		{1F7FF1BF-1F3B-4CDD-8F24-BA8AC9B4BCDC}.Debug|x86.ActiveCfg = Debug|x86
		{1F7FF1BF-1F3B-4CDD-8F24-BA8AC9B4BCDC}.Debug|x86.Build.0 = Debug|x86
		{1F7FF1BF-1F3B-4CDD-8F24-BA8AC9B4BCDC}.Debug|x86.Deploy.0 = Debug|x86
		{1F7FF1BF-1F3B-4CDD-8F24-BA8AC9B4BCDC}.Release|Any CPU.ActiveCfg = Release|Any CPU
		{1F7FF1BF-1F3B-4CDD-8F24-BA8AC9B4BCDC}.Release|Any CPU.Build.0 = Release|Any CPU
		{1F7FF1BF-1F3B-4CDD-8F24-BA8AC9B4BCDC}.Release|Any CPU.Deploy.0 = Release|Any CPU
		{1F7FF1BF-1F3B-4CDD-8F24-BA8AC9B4BCDC}.Release|ARM.ActiveCfg = Release|ARM
		{1F7FF1BF-1F3B-4CDD-8F24-BA8AC9B4BCDC}.Release|ARM.Build.0 = Release|ARM
		{1F7FF1BF-1F3B-4CDD-8F24-BA8AC9B4BCDC}.Release|ARM.Deploy.0 = Release|ARM
		{1F7FF1BF-1F3B-4CDD-8F24-BA8AC9B4BCDC}.Release|iPhone.ActiveCfg = Release|Any CPU
		{1F7FF1BF-1F3B-4CDD-8F24-BA8AC9B4BCDC}.Release|iPhone.Build.0 = Release|Any CPU
		{1F7FF1BF-1F3B-4CDD-8F24-BA8AC9B4BCDC}.Release|iPhone.Deploy.0 = Release|Any CPU
		{1F7FF1BF-1F3B-4CDD-8F24-BA8AC9B4BCDC}.Release|iPhoneSimulator.ActiveCfg = Release|Any CPU
		{1F7FF1BF-1F3B-4CDD-8F24-BA8AC9B4BCDC}.Release|iPhoneSimulator.Build.0 = Release|Any CPU
		{1F7FF1BF-1F3B-4CDD-8F24-BA8AC9B4BCDC}.Release|iPhoneSimulator.Deploy.0 = Release|Any CPU
		{1F7FF1BF-1F3B-4CDD-8F24-BA8AC9B4BCDC}.Release|x64.ActiveCfg = Release|x64
		{1F7FF1BF-1F3B-4CDD-8F24-BA8AC9B4BCDC}.Release|x64.Build.0 = Release|x64
		{1F7FF1BF-1F3B-4CDD-8F24-BA8AC9B4BCDC}.Release|x64.Deploy.0 = Release|x64
		{1F7FF1BF-1F3B-4CDD-8F24-BA8AC9B4BCDC}.Release|x86.ActiveCfg = Release|x86
		{1F7FF1BF-1F3B-4CDD-8F24-BA8AC9B4BCDC}.Release|x86.Build.0 = Release|x86
		{1F7FF1BF-1F3B-4CDD-8F24-BA8AC9B4BCDC}.Release|x86.Deploy.0 = Release|x86
		{039F9500-3E9E-4457-9D5C-8FCF771E0FD5}.Ad-Hoc|Any CPU.ActiveCfg = Release|Any CPU
		{039F9500-3E9E-4457-9D5C-8FCF771E0FD5}.Ad-Hoc|Any CPU.Build.0 = Release|Any CPU
		{039F9500-3E9E-4457-9D5C-8FCF771E0FD5}.Ad-Hoc|ARM.ActiveCfg = Release|Any CPU
		{039F9500-3E9E-4457-9D5C-8FCF771E0FD5}.Ad-Hoc|ARM.Build.0 = Release|Any CPU
		{039F9500-3E9E-4457-9D5C-8FCF771E0FD5}.Ad-Hoc|iPhone.ActiveCfg = Release|Any CPU
		{039F9500-3E9E-4457-9D5C-8FCF771E0FD5}.Ad-Hoc|iPhone.Build.0 = Release|Any CPU
		{039F9500-3E9E-4457-9D5C-8FCF771E0FD5}.Ad-Hoc|iPhoneSimulator.ActiveCfg = Release|Any CPU
		{039F9500-3E9E-4457-9D5C-8FCF771E0FD5}.Ad-Hoc|iPhoneSimulator.Build.0 = Release|Any CPU
		{039F9500-3E9E-4457-9D5C-8FCF771E0FD5}.Ad-Hoc|x64.ActiveCfg = Release|Any CPU
		{039F9500-3E9E-4457-9D5C-8FCF771E0FD5}.Ad-Hoc|x64.Build.0 = Release|Any CPU
		{039F9500-3E9E-4457-9D5C-8FCF771E0FD5}.Ad-Hoc|x86.ActiveCfg = Release|Any CPU
		{039F9500-3E9E-4457-9D5C-8FCF771E0FD5}.Ad-Hoc|x86.Build.0 = Release|Any CPU
		{039F9500-3E9E-4457-9D5C-8FCF771E0FD5}.AppStore|Any CPU.ActiveCfg = Release|Any CPU
		{039F9500-3E9E-4457-9D5C-8FCF771E0FD5}.AppStore|Any CPU.Build.0 = Release|Any CPU
		{039F9500-3E9E-4457-9D5C-8FCF771E0FD5}.AppStore|ARM.ActiveCfg = Release|Any CPU
		{039F9500-3E9E-4457-9D5C-8FCF771E0FD5}.AppStore|ARM.Build.0 = Release|Any CPU
		{039F9500-3E9E-4457-9D5C-8FCF771E0FD5}.AppStore|iPhone.ActiveCfg = Release|Any CPU
		{039F9500-3E9E-4457-9D5C-8FCF771E0FD5}.AppStore|iPhone.Build.0 = Release|Any CPU
		{039F9500-3E9E-4457-9D5C-8FCF771E0FD5}.AppStore|iPhoneSimulator.ActiveCfg = Release|Any CPU
		{039F9500-3E9E-4457-9D5C-8FCF771E0FD5}.AppStore|iPhoneSimulator.Build.0 = Release|Any CPU
		{039F9500-3E9E-4457-9D5C-8FCF771E0FD5}.AppStore|x64.ActiveCfg = Release|Any CPU
		{039F9500-3E9E-4457-9D5C-8FCF771E0FD5}.AppStore|x64.Build.0 = Release|Any CPU
		{039F9500-3E9E-4457-9D5C-8FCF771E0FD5}.AppStore|x86.ActiveCfg = Release|Any CPU
		{039F9500-3E9E-4457-9D5C-8FCF771E0FD5}.AppStore|x86.Build.0 = Release|Any CPU
		{039F9500-3E9E-4457-9D5C-8FCF771E0FD5}.Debug|Any CPU.ActiveCfg = Debug|Any CPU
		{039F9500-3E9E-4457-9D5C-8FCF771E0FD5}.Debug|Any CPU.Build.0 = Debug|Any CPU
		{039F9500-3E9E-4457-9D5C-8FCF771E0FD5}.Debug|ARM.ActiveCfg = Debug|Any CPU
		{039F9500-3E9E-4457-9D5C-8FCF771E0FD5}.Debug|ARM.Build.0 = Debug|Any CPU
		{039F9500-3E9E-4457-9D5C-8FCF771E0FD5}.Debug|iPhone.ActiveCfg = Debug|Any CPU
		{039F9500-3E9E-4457-9D5C-8FCF771E0FD5}.Debug|iPhone.Build.0 = Debug|Any CPU
		{039F9500-3E9E-4457-9D5C-8FCF771E0FD5}.Debug|iPhoneSimulator.ActiveCfg = Debug|Any CPU
		{039F9500-3E9E-4457-9D5C-8FCF771E0FD5}.Debug|iPhoneSimulator.Build.0 = Debug|Any CPU
		{039F9500-3E9E-4457-9D5C-8FCF771E0FD5}.Debug|x64.ActiveCfg = Debug|Any CPU
		{039F9500-3E9E-4457-9D5C-8FCF771E0FD5}.Debug|x64.Build.0 = Debug|Any CPU
		{039F9500-3E9E-4457-9D5C-8FCF771E0FD5}.Debug|x86.ActiveCfg = Debug|Any CPU
		{039F9500-3E9E-4457-9D5C-8FCF771E0FD5}.Debug|x86.Build.0 = Debug|Any CPU
		{039F9500-3E9E-4457-9D5C-8FCF771E0FD5}.Release|Any CPU.ActiveCfg = Release|Any CPU
		{039F9500-3E9E-4457-9D5C-8FCF771E0FD5}.Release|Any CPU.Build.0 = Release|Any CPU
		{039F9500-3E9E-4457-9D5C-8FCF771E0FD5}.Release|ARM.ActiveCfg = Release|Any CPU
		{039F9500-3E9E-4457-9D5C-8FCF771E0FD5}.Release|ARM.Build.0 = Release|Any CPU
		{039F9500-3E9E-4457-9D5C-8FCF771E0FD5}.Release|iPhone.ActiveCfg = Release|Any CPU
		{039F9500-3E9E-4457-9D5C-8FCF771E0FD5}.Release|iPhone.Build.0 = Release|Any CPU
		{039F9500-3E9E-4457-9D5C-8FCF771E0FD5}.Release|iPhoneSimulator.ActiveCfg = Release|Any CPU
		{039F9500-3E9E-4457-9D5C-8FCF771E0FD5}.Release|iPhoneSimulator.Build.0 = Release|Any CPU
		{039F9500-3E9E-4457-9D5C-8FCF771E0FD5}.Release|x64.ActiveCfg = Release|Any CPU
		{039F9500-3E9E-4457-9D5C-8FCF771E0FD5}.Release|x64.Build.0 = Release|Any CPU
		{039F9500-3E9E-4457-9D5C-8FCF771E0FD5}.Release|x86.ActiveCfg = Release|Any CPU
		{039F9500-3E9E-4457-9D5C-8FCF771E0FD5}.Release|x86.Build.0 = Release|Any CPU
		{D3CD1101-F179-4AA7-B545-DF72D320DF53}.Ad-Hoc|Any CPU.ActiveCfg = Release|Any CPU
		{D3CD1101-F179-4AA7-B545-DF72D320DF53}.Ad-Hoc|Any CPU.Build.0 = Release|Any CPU
		{D3CD1101-F179-4AA7-B545-DF72D320DF53}.Ad-Hoc|Any CPU.Deploy.0 = Release|Any CPU
		{D3CD1101-F179-4AA7-B545-DF72D320DF53}.Ad-Hoc|ARM.ActiveCfg = Release|Any CPU
		{D3CD1101-F179-4AA7-B545-DF72D320DF53}.Ad-Hoc|ARM.Build.0 = Release|Any CPU
		{D3CD1101-F179-4AA7-B545-DF72D320DF53}.Ad-Hoc|ARM.Deploy.0 = Release|Any CPU
		{D3CD1101-F179-4AA7-B545-DF72D320DF53}.Ad-Hoc|iPhone.ActiveCfg = Release|Any CPU
		{D3CD1101-F179-4AA7-B545-DF72D320DF53}.Ad-Hoc|iPhone.Build.0 = Release|Any CPU
		{D3CD1101-F179-4AA7-B545-DF72D320DF53}.Ad-Hoc|iPhone.Deploy.0 = Release|Any CPU
		{D3CD1101-F179-4AA7-B545-DF72D320DF53}.Ad-Hoc|iPhoneSimulator.ActiveCfg = Release|Any CPU
		{D3CD1101-F179-4AA7-B545-DF72D320DF53}.Ad-Hoc|iPhoneSimulator.Build.0 = Release|Any CPU
		{D3CD1101-F179-4AA7-B545-DF72D320DF53}.Ad-Hoc|iPhoneSimulator.Deploy.0 = Release|Any CPU
		{D3CD1101-F179-4AA7-B545-DF72D320DF53}.Ad-Hoc|x64.ActiveCfg = Release|Any CPU
		{D3CD1101-F179-4AA7-B545-DF72D320DF53}.Ad-Hoc|x64.Build.0 = Release|Any CPU
		{D3CD1101-F179-4AA7-B545-DF72D320DF53}.Ad-Hoc|x64.Deploy.0 = Release|Any CPU
		{D3CD1101-F179-4AA7-B545-DF72D320DF53}.Ad-Hoc|x86.ActiveCfg = Release|Any CPU
		{D3CD1101-F179-4AA7-B545-DF72D320DF53}.Ad-Hoc|x86.Build.0 = Release|Any CPU
		{D3CD1101-F179-4AA7-B545-DF72D320DF53}.Ad-Hoc|x86.Deploy.0 = Release|Any CPU
		{D3CD1101-F179-4AA7-B545-DF72D320DF53}.AppStore|Any CPU.ActiveCfg = Release|Any CPU
		{D3CD1101-F179-4AA7-B545-DF72D320DF53}.AppStore|Any CPU.Build.0 = Release|Any CPU
		{D3CD1101-F179-4AA7-B545-DF72D320DF53}.AppStore|Any CPU.Deploy.0 = Release|Any CPU
		{D3CD1101-F179-4AA7-B545-DF72D320DF53}.AppStore|ARM.ActiveCfg = Release|Any CPU
		{D3CD1101-F179-4AA7-B545-DF72D320DF53}.AppStore|ARM.Build.0 = Release|Any CPU
		{D3CD1101-F179-4AA7-B545-DF72D320DF53}.AppStore|ARM.Deploy.0 = Release|Any CPU
		{D3CD1101-F179-4AA7-B545-DF72D320DF53}.AppStore|iPhone.ActiveCfg = Release|Any CPU
		{D3CD1101-F179-4AA7-B545-DF72D320DF53}.AppStore|iPhone.Build.0 = Release|Any CPU
		{D3CD1101-F179-4AA7-B545-DF72D320DF53}.AppStore|iPhone.Deploy.0 = Release|Any CPU
		{D3CD1101-F179-4AA7-B545-DF72D320DF53}.AppStore|iPhoneSimulator.ActiveCfg = Release|Any CPU
		{D3CD1101-F179-4AA7-B545-DF72D320DF53}.AppStore|iPhoneSimulator.Build.0 = Release|Any CPU
		{D3CD1101-F179-4AA7-B545-DF72D320DF53}.AppStore|iPhoneSimulator.Deploy.0 = Release|Any CPU
		{D3CD1101-F179-4AA7-B545-DF72D320DF53}.AppStore|x64.ActiveCfg = Release|Any CPU
		{D3CD1101-F179-4AA7-B545-DF72D320DF53}.AppStore|x64.Build.0 = Release|Any CPU
		{D3CD1101-F179-4AA7-B545-DF72D320DF53}.AppStore|x64.Deploy.0 = Release|Any CPU
		{D3CD1101-F179-4AA7-B545-DF72D320DF53}.AppStore|x86.ActiveCfg = Release|Any CPU
		{D3CD1101-F179-4AA7-B545-DF72D320DF53}.AppStore|x86.Build.0 = Release|Any CPU
		{D3CD1101-F179-4AA7-B545-DF72D320DF53}.AppStore|x86.Deploy.0 = Release|Any CPU
		{D3CD1101-F179-4AA7-B545-DF72D320DF53}.Debug|Any CPU.ActiveCfg = Debug|Any CPU
		{D3CD1101-F179-4AA7-B545-DF72D320DF53}.Debug|Any CPU.Build.0 = Debug|Any CPU
		{D3CD1101-F179-4AA7-B545-DF72D320DF53}.Debug|Any CPU.Deploy.0 = Debug|Any CPU
		{D3CD1101-F179-4AA7-B545-DF72D320DF53}.Debug|ARM.ActiveCfg = Debug|Any CPU
		{D3CD1101-F179-4AA7-B545-DF72D320DF53}.Debug|ARM.Build.0 = Debug|Any CPU
		{D3CD1101-F179-4AA7-B545-DF72D320DF53}.Debug|ARM.Deploy.0 = Debug|Any CPU
		{D3CD1101-F179-4AA7-B545-DF72D320DF53}.Debug|iPhone.ActiveCfg = Debug|Any CPU
		{D3CD1101-F179-4AA7-B545-DF72D320DF53}.Debug|iPhone.Build.0 = Debug|Any CPU
		{D3CD1101-F179-4AA7-B545-DF72D320DF53}.Debug|iPhone.Deploy.0 = Debug|Any CPU
		{D3CD1101-F179-4AA7-B545-DF72D320DF53}.Debug|iPhoneSimulator.ActiveCfg = Debug|Any CPU
		{D3CD1101-F179-4AA7-B545-DF72D320DF53}.Debug|iPhoneSimulator.Build.0 = Debug|Any CPU
		{D3CD1101-F179-4AA7-B545-DF72D320DF53}.Debug|iPhoneSimulator.Deploy.0 = Debug|Any CPU
		{D3CD1101-F179-4AA7-B545-DF72D320DF53}.Debug|x64.ActiveCfg = Debug|Any CPU
		{D3CD1101-F179-4AA7-B545-DF72D320DF53}.Debug|x64.Build.0 = Debug|Any CPU
		{D3CD1101-F179-4AA7-B545-DF72D320DF53}.Debug|x64.Deploy.0 = Debug|Any CPU
		{D3CD1101-F179-4AA7-B545-DF72D320DF53}.Debug|x86.ActiveCfg = Debug|Any CPU
		{D3CD1101-F179-4AA7-B545-DF72D320DF53}.Debug|x86.Build.0 = Debug|Any CPU
		{D3CD1101-F179-4AA7-B545-DF72D320DF53}.Debug|x86.Deploy.0 = Debug|Any CPU
		{D3CD1101-F179-4AA7-B545-DF72D320DF53}.Release|Any CPU.ActiveCfg = Release|Any CPU
		{D3CD1101-F179-4AA7-B545-DF72D320DF53}.Release|Any CPU.Build.0 = Release|Any CPU
		{D3CD1101-F179-4AA7-B545-DF72D320DF53}.Release|Any CPU.Deploy.0 = Release|Any CPU
		{D3CD1101-F179-4AA7-B545-DF72D320DF53}.Release|ARM.ActiveCfg = Release|Any CPU
		{D3CD1101-F179-4AA7-B545-DF72D320DF53}.Release|ARM.Build.0 = Release|Any CPU
		{D3CD1101-F179-4AA7-B545-DF72D320DF53}.Release|ARM.Deploy.0 = Release|Any CPU
		{D3CD1101-F179-4AA7-B545-DF72D320DF53}.Release|iPhone.ActiveCfg = Release|Any CPU
		{D3CD1101-F179-4AA7-B545-DF72D320DF53}.Release|iPhone.Build.0 = Release|Any CPU
		{D3CD1101-F179-4AA7-B545-DF72D320DF53}.Release|iPhone.Deploy.0 = Release|Any CPU
		{D3CD1101-F179-4AA7-B545-DF72D320DF53}.Release|iPhoneSimulator.ActiveCfg = Release|Any CPU
		{D3CD1101-F179-4AA7-B545-DF72D320DF53}.Release|iPhoneSimulator.Build.0 = Release|Any CPU
		{D3CD1101-F179-4AA7-B545-DF72D320DF53}.Release|iPhoneSimulator.Deploy.0 = Release|Any CPU
		{D3CD1101-F179-4AA7-B545-DF72D320DF53}.Release|x64.ActiveCfg = Release|Any CPU
		{D3CD1101-F179-4AA7-B545-DF72D320DF53}.Release|x64.Build.0 = Release|Any CPU
		{D3CD1101-F179-4AA7-B545-DF72D320DF53}.Release|x64.Deploy.0 = Release|Any CPU
		{D3CD1101-F179-4AA7-B545-DF72D320DF53}.Release|x86.ActiveCfg = Release|Any CPU
		{D3CD1101-F179-4AA7-B545-DF72D320DF53}.Release|x86.Build.0 = Release|Any CPU
		{D3CD1101-F179-4AA7-B545-DF72D320DF53}.Release|x86.Deploy.0 = Release|Any CPU
		{D11948FF-59FD-471A-B1B1-12CC20CA7BDA}.Ad-Hoc|Any CPU.ActiveCfg = Release|Any CPU
		{D11948FF-59FD-471A-B1B1-12CC20CA7BDA}.Ad-Hoc|Any CPU.Build.0 = Release|Any CPU
		{D11948FF-59FD-471A-B1B1-12CC20CA7BDA}.Ad-Hoc|ARM.ActiveCfg = Release|Any CPU
		{D11948FF-59FD-471A-B1B1-12CC20CA7BDA}.Ad-Hoc|ARM.Build.0 = Release|Any CPU
		{D11948FF-59FD-471A-B1B1-12CC20CA7BDA}.Ad-Hoc|iPhone.ActiveCfg = Release|Any CPU
		{D11948FF-59FD-471A-B1B1-12CC20CA7BDA}.Ad-Hoc|iPhone.Build.0 = Release|Any CPU
		{D11948FF-59FD-471A-B1B1-12CC20CA7BDA}.Ad-Hoc|iPhoneSimulator.ActiveCfg = Release|Any CPU
		{D11948FF-59FD-471A-B1B1-12CC20CA7BDA}.Ad-Hoc|iPhoneSimulator.Build.0 = Release|Any CPU
		{D11948FF-59FD-471A-B1B1-12CC20CA7BDA}.Ad-Hoc|x64.ActiveCfg = Release|Any CPU
		{D11948FF-59FD-471A-B1B1-12CC20CA7BDA}.Ad-Hoc|x64.Build.0 = Release|Any CPU
		{D11948FF-59FD-471A-B1B1-12CC20CA7BDA}.Ad-Hoc|x86.ActiveCfg = Release|Any CPU
		{D11948FF-59FD-471A-B1B1-12CC20CA7BDA}.Ad-Hoc|x86.Build.0 = Release|Any CPU
		{D11948FF-59FD-471A-B1B1-12CC20CA7BDA}.AppStore|Any CPU.ActiveCfg = Release|Any CPU
		{D11948FF-59FD-471A-B1B1-12CC20CA7BDA}.AppStore|Any CPU.Build.0 = Release|Any CPU
		{D11948FF-59FD-471A-B1B1-12CC20CA7BDA}.AppStore|ARM.ActiveCfg = Release|Any CPU
		{D11948FF-59FD-471A-B1B1-12CC20CA7BDA}.AppStore|ARM.Build.0 = Release|Any CPU
		{D11948FF-59FD-471A-B1B1-12CC20CA7BDA}.AppStore|iPhone.ActiveCfg = Release|Any CPU
		{D11948FF-59FD-471A-B1B1-12CC20CA7BDA}.AppStore|iPhone.Build.0 = Release|Any CPU
		{D11948FF-59FD-471A-B1B1-12CC20CA7BDA}.AppStore|iPhoneSimulator.ActiveCfg = Release|Any CPU
		{D11948FF-59FD-471A-B1B1-12CC20CA7BDA}.AppStore|iPhoneSimulator.Build.0 = Release|Any CPU
		{D11948FF-59FD-471A-B1B1-12CC20CA7BDA}.AppStore|x64.ActiveCfg = Release|Any CPU
		{D11948FF-59FD-471A-B1B1-12CC20CA7BDA}.AppStore|x64.Build.0 = Release|Any CPU
		{D11948FF-59FD-471A-B1B1-12CC20CA7BDA}.AppStore|x86.ActiveCfg = Release|Any CPU
		{D11948FF-59FD-471A-B1B1-12CC20CA7BDA}.AppStore|x86.Build.0 = Release|Any CPU
		{D11948FF-59FD-471A-B1B1-12CC20CA7BDA}.Debug|Any CPU.ActiveCfg = Debug|Any CPU
		{D11948FF-59FD-471A-B1B1-12CC20CA7BDA}.Debug|Any CPU.Build.0 = Debug|Any CPU
		{D11948FF-59FD-471A-B1B1-12CC20CA7BDA}.Debug|ARM.ActiveCfg = Debug|Any CPU
		{D11948FF-59FD-471A-B1B1-12CC20CA7BDA}.Debug|ARM.Build.0 = Debug|Any CPU
		{D11948FF-59FD-471A-B1B1-12CC20CA7BDA}.Debug|iPhone.ActiveCfg = Debug|Any CPU
		{D11948FF-59FD-471A-B1B1-12CC20CA7BDA}.Debug|iPhone.Build.0 = Debug|Any CPU
		{D11948FF-59FD-471A-B1B1-12CC20CA7BDA}.Debug|iPhoneSimulator.ActiveCfg = Debug|Any CPU
		{D11948FF-59FD-471A-B1B1-12CC20CA7BDA}.Debug|iPhoneSimulator.Build.0 = Debug|Any CPU
		{D11948FF-59FD-471A-B1B1-12CC20CA7BDA}.Debug|x64.ActiveCfg = Debug|Any CPU
		{D11948FF-59FD-471A-B1B1-12CC20CA7BDA}.Debug|x64.Build.0 = Debug|Any CPU
		{D11948FF-59FD-471A-B1B1-12CC20CA7BDA}.Debug|x86.ActiveCfg = Debug|Any CPU
		{D11948FF-59FD-471A-B1B1-12CC20CA7BDA}.Debug|x86.Build.0 = Debug|Any CPU
		{D11948FF-59FD-471A-B1B1-12CC20CA7BDA}.Release|Any CPU.ActiveCfg = Release|Any CPU
		{D11948FF-59FD-471A-B1B1-12CC20CA7BDA}.Release|Any CPU.Build.0 = Release|Any CPU
		{D11948FF-59FD-471A-B1B1-12CC20CA7BDA}.Release|ARM.ActiveCfg = Release|Any CPU
		{D11948FF-59FD-471A-B1B1-12CC20CA7BDA}.Release|ARM.Build.0 = Release|Any CPU
		{D11948FF-59FD-471A-B1B1-12CC20CA7BDA}.Release|iPhone.ActiveCfg = Release|Any CPU
		{D11948FF-59FD-471A-B1B1-12CC20CA7BDA}.Release|iPhone.Build.0 = Release|Any CPU
		{D11948FF-59FD-471A-B1B1-12CC20CA7BDA}.Release|iPhoneSimulator.ActiveCfg = Release|Any CPU
		{D11948FF-59FD-471A-B1B1-12CC20CA7BDA}.Release|iPhoneSimulator.Build.0 = Release|Any CPU
		{D11948FF-59FD-471A-B1B1-12CC20CA7BDA}.Release|x64.ActiveCfg = Release|Any CPU
		{D11948FF-59FD-471A-B1B1-12CC20CA7BDA}.Release|x64.Build.0 = Release|Any CPU
		{D11948FF-59FD-471A-B1B1-12CC20CA7BDA}.Release|x86.ActiveCfg = Release|Any CPU
		{D11948FF-59FD-471A-B1B1-12CC20CA7BDA}.Release|x86.Build.0 = Release|Any CPU
	EndGlobalSection
	GlobalSection(SolutionProperties) = preSolution
		HideSolutionNode = FALSE
	EndGlobalSection
	GlobalSection(NestedProjects) = preSolution
		{40426F91-9197-4C51-A72D-A530DD285AFB} = {440A9ADB-D9F6-49E4-882D-EE2506F4E86B}
		{DF4515D4-EA46-4627-B1D0-83678C9A35FE} = {440A9ADB-D9F6-49E4-882D-EE2506F4E86B}
		{810A4483-4ED8-4982-9EA2-BF98391D969A} = {440A9ADB-D9F6-49E4-882D-EE2506F4E86B}
		{996FFB2F-058A-43D5-B19B-B2743B40535C} = {440A9ADB-D9F6-49E4-882D-EE2506F4E86B}
		{1F7FF1BF-1F3B-4CDD-8F24-BA8AC9B4BCDC} = {440A9ADB-D9F6-49E4-882D-EE2506F4E86B}
		{039F9500-3E9E-4457-9D5C-8FCF771E0FD5} = {440A9ADB-D9F6-49E4-882D-EE2506F4E86B}
		{D3CD1101-F179-4AA7-B545-DF72D320DF53} = {C1C7AFF3-296B-423D-98CB-670573FA5022}
		{D11948FF-59FD-471A-B1B1-12CC20CA7BDA} = {C1C7AFF3-296B-423D-98CB-670573FA5022}
	EndGlobalSection
EndGlobal
